
Microsoft Visual Studio Solution File, Format Version 12.00
# Visual Studio Version 16
VisualStudioVersion = 16.0.34601.136
MinimumVisualStudioVersion = 10.0.40219.1
Project("{FAE04EC0-301F-11D3-BF4B-00C04F79EFBC}") = "Question 1_Mvc", "Question 1_Mvc\Question 1_Mvc.csproj", "{AAD6930A-A744-4430-B7B3-AEFACB128360}"
EndProject
Global
	GlobalSection(SolutionConfigurationPlatforms) = preSolution
		Debug|Any CPU = Debug|Any CPU
		Release|Any CPU = Release|Any CPU
	EndGlobalSection
	GlobalSection(ProjectConfigurationPlatforms) = postSolution
		{AAD6930A-A744-4430-B7B3-AEFACB128360}.Debug|Any CPU.ActiveCfg = Debug|Any CPU
		{AAD6930A-A744-4430-B7B3-AEFACB128360}.Debug|Any CPU.Build.0 = Debug|Any CPU
		{AAD6930A-A744-4430-B7B3-AEFACB128360}.Release|Any CPU.ActiveCfg = Release|Any CPU
		{AAD6930A-A744-4430-B7B3-AEFACB128360}.Release|Any CPU.Build.0 = Release|Any CPU
	EndGlobalSection
	GlobalSection(SolutionProperties) = preSolution
		HideSolutionNode = FALSE
	EndGlobalSection
	GlobalSection(ExtensibilityGlobals) = postSolution
		SolutionGuid = {914E73CC-F04A-4E6E-9A19-0209184C8D71}
	EndGlobalSection
EndGlobal
