
Microsoft Visual Studio Solution File, Format Version 12.00
# Visual Studio Version 16
VisualStudioVersion = 16.0.34601.136
MinimumVisualStudioVersion = 10.0.40219.1
Project("{FAE04EC0-301F-11D3-BF4B-00C04F79EFBC}") = "Assignment 1", "Assignment 1\Assignment 1.csproj", "{2367019F-2BDB-46B0-A8BC-F8B2AFF37F54}"
EndProject
Global
	GlobalSection(SolutionConfigurationPlatforms) = preSolution
		Debug|Any CPU = Debug|Any CPU
		Release|Any CPU = Release|Any CPU
	EndGlobalSection
	GlobalSection(ProjectConfigurationPlatforms) = postSolution
		{2367019F-2BDB-46B0-A8BC-F8B2AFF37F54}.Debug|Any CPU.ActiveCfg = Debug|Any CPU
		{2367019F-2BDB-46B0-A8BC-F8B2AFF37F54}.Debug|Any CPU.Build.0 = Debug|Any CPU
		{2367019F-2BDB-46B0-A8BC-F8B2AFF37F54}.Release|Any CPU.ActiveCfg = Release|Any CPU
		{2367019F-2BDB-46B0-A8BC-F8B2AFF37F54}.Release|Any CPU.Build.0 = Release|Any CPU
	EndGlobalSection
	GlobalSection(SolutionProperties) = preSolution
		HideSolutionNode = FALSE
	EndGlobalSection
	GlobalSection(ExtensibilityGlobals) = postSolution
		SolutionGuid = {F028615F-090A-4058-A1C0-6324A0BA8B26}
	EndGlobalSection
EndGlobal
